// !$*UTF8*$!
{
	archiveVersion = 1;
	classes = {
	};
	objectVersion = 48;
	objects = {

/* Begin PBXBuildFile section */
		15DA11F2202A7B1F0031A90C /* AppDelegate.swift in Sources */ = {isa = PBXBuildFile; fileRef = 15DA11F1202A7B1F0031A90C /* AppDelegate.swift */; };
		15DA11F4202A7B1F0031A90C /* ViewController.swift in Sources */ = {isa = PBXBuildFile; fileRef = 15DA11F3202A7B1F0031A90C /* ViewController.swift */; };
		15DA11F7202A7B1F0031A90C /* Main.storyboard in Resources */ = {isa = PBXBuildFile; fileRef = 15DA11F5202A7B1F0031A90C /* Main.storyboard */; };
		15DA11F9202A7B1F0031A90C /* Assets.xcassets in Resources */ = {isa = PBXBuildFile; fileRef = 15DA11F8202A7B1F0031A90C /* Assets.xcassets */; };
		15DA11FC202A7B1F0031A90C /* LaunchScreen.storyboard in Resources */ = {isa = PBXBuildFile; fileRef = 15DA11FA202A7B1F0031A90C /* LaunchScreen.storyboard */; };
		15DA1205202A7BCC0031A90C /* IndividualCardModel.swift in Sources */ = {isa = PBXBuildFile; fileRef = 15DA1204202A7BCC0031A90C /* IndividualCardModel.swift */; };
		15DA1208202A7E940031A90C /* DataProvider.swift in Sources */ = {isa = PBXBuildFile; fileRef = 15DA1207202A7E940031A90C /* DataProvider.swift */; };
/* End PBXBuildFile section */

/* Begin PBXFileReference section */
		15DA11EE202A7B1F0031A90C /* RolodexApp.app */ = {isa = PBXFileReference; explicitFileType = wrapper.application; includeInIndex = 0; path = RolodexApp.app; sourceTree = BUILT_PRODUCTS_DIR; };
		15DA11F1202A7B1F0031A90C /* AppDelegate.swift */ = {isa = PBXFileReference; lastKnownFileType = sourcecode.swift; path = AppDelegate.swift; sourceTree = "<group>"; };
		15DA11F3202A7B1F0031A90C /* ViewController.swift */ = {isa = PBXFileReference; lastKnownFileType = sourcecode.swift; path = ViewController.swift; sourceTree = "<group>"; };
		15DA11F6202A7B1F0031A90C /* Base */ = {isa = PBXFileReference; lastKnownFileType = file.storyboard; name = Base; path = Base.lproj/Main.storyboard; sourceTree = "<group>"; };
		15DA11F8202A7B1F0031A90C /* Assets.xcassets */ = {isa = PBXFileReference; lastKnownFileType = folder.assetcatalog; path = Assets.xcassets; sourceTree = "<group>"; };
		15DA11FB202A7B1F0031A90C /* Base */ = {isa = PBXFileReference; lastKnownFileType = file.storyboard; name = Base; path = Base.lproj/LaunchScreen.storyboard; sourceTree = "<group>"; };
		15DA11FD202A7B1F0031A90C /* Info.plist */ = {isa = PBXFileReference; lastKnownFileType = text.plist.xml; path = Info.plist; sourceTree = "<group>"; };
		15DA1204202A7BCC0031A90C /* IndividualCardModel.swift */ = {isa = PBXFileReference; lastKnownFileType = sourcecode.swift; path = IndividualCardModel.swift; sourceTree = "<group>"; };
		15DA1207202A7E940031A90C /* DataProvider.swift */ = {isa = PBXFileReference; lastKnownFileType = sourcecode.swift; path = DataProvider.swift; sourceTree = "<group>"; };
/* End PBXFileReference section */

/* Begin PBXFrameworksBuildPhase section */
		15DA11EB202A7B1F0031A90C /* Frameworks */ = {
			isa = PBXFrameworksBuildPhase;
			buildActionMask = 2147483647;
			files = (
			);
			runOnlyForDeploymentPostprocessing = 0;
		};
/* End PBXFrameworksBuildPhase section */

/* Begin PBXGroup section */
		15DA11E5202A7B1F0031A90C = {
			isa = PBXGroup;
			children = (
				15DA11F0202A7B1F0031A90C /* RolodexApp */,
				15DA11EF202A7B1F0031A90C /* Products */,
			);
			sourceTree = "<group>";
		};
		15DA11EF202A7B1F0031A90C /* Products */ = {
			isa = PBXGroup;
			children = (
				15DA11EE202A7B1F0031A90C /* RolodexApp.app */,
			);
			name = Products;
			sourceTree = "<group>";
		};
		15DA11F0202A7B1F0031A90C /* RolodexApp */ = {
			isa = PBXGroup;
			children = (
				15DA1206202A7E840031A90C /* DataProvider */,
				15DA1203202A7B2D0031A90C /* Model */,
				15DA11F1202A7B1F0031A90C /* AppDelegate.swift */,
				15DA11F3202A7B1F0031A90C /* ViewController.swift */,
				15DA11F5202A7B1F0031A90C /* Main.storyboard */,
				15DA11F8202A7B1F0031A90C /* Assets.xcassets */,
				15DA11FA202A7B1F0031A90C /* LaunchScreen.storyboard */,
				15DA11FD202A7B1F0031A90C /* Info.plist */,
			);
			path = RolodexApp;
			sourceTree = "<group>";
		};
		15DA1203202A7B2D0031A90C /* Model */ = {
			isa = PBXGroup;
			children = (
				15DA1204202A7BCC0031A90C /* IndividualCardModel.swift */,
			);
			path = Model;
			sourceTree = "<group>";
		};
		15DA1206202A7E840031A90C /* DataProvider */ = {
			isa = PBXGroup;
			children = (
				15DA1207202A7E940031A90C /* DataProvider.swift */,
			);
			path = DataProvider;
			sourceTree = "<group>";
		};
/* End PBXGroup section */

/* Begin PBXNativeTarget section */
		15DA11ED202A7B1F0031A90C /* RolodexApp */ = {
			isa = PBXNativeTarget;
			buildConfigurationList = 15DA1200202A7B1F0031A90C /* Build configuration list for PBXNativeTarget "RolodexApp" */;
			buildPhases = (
				15DA11EA202A7B1F0031A90C /* Sources */,
				15DA11EB202A7B1F0031A90C /* Frameworks */,
				15DA11EC202A7B1F0031A90C /* Resources */,
			);
			buildRules = (
			);
			dependencies = (
			);
			name = RolodexApp;
			productName = RolodexApp;
			productReference = 15DA11EE202A7B1F0031A90C /* RolodexApp.app */;
			productType = "com.apple.product-type.application";
		};
/* End PBXNativeTarget section */

/* Begin PBXProject section */
		15DA11E6202A7B1F0031A90C /* Project object */ = {
			isa = PBXProject;
			attributes = {
				LastSwiftUpdateCheck = 0900;
				LastUpgradeCheck = 0900;
				ORGANIZATIONNAME = "Divya Basappa";
				TargetAttributes = {
					15DA11ED202A7B1F0031A90C = {
						CreatedOnToolsVersion = 9.0.1;
						ProvisioningStyle = Automatic;
					};
				};
			};
			buildConfigurationList = 15DA11E9202A7B1F0031A90C /* Build configuration list for PBXProject "RolodexApp" */;
			compatibilityVersion = "Xcode 8.0";
			developmentRegion = en;
			hasScannedForEncodings = 0;
			knownRegions = (
				en,
				Base,
			);
			mainGroup = 15DA11E5202A7B1F0031A90C;
			productRefGroup = 15DA11EF202A7B1F0031A90C /* Products */;
			projectDirPath = "";
			projectRoot = "";
			targets = (
				15DA11ED202A7B1F0031A90C /* RolodexApp */,
			);
		};
/* End PBXProject section */

/* Begin PBXResourcesBuildPhase section */
		15DA11EC202A7B1F0031A90C /* Resources */ = {
			isa = PBXResourcesBuildPhase;
			buildActionMask = 2147483647;
			files = (
				15DA11FC202A7B1F0031A90C /* LaunchScreen.storyboard in Resources */,
				15DA11F9202A7B1F0031A90C /* Assets.xcassets in Resources */,
				15DA11F7202A7B1F0031A90C /* Main.storyboard in Resources */,
			);
			runOnlyForDeploymentPostprocessing = 0;
		};
/* End PBXResourcesBuildPhase section */

/* Begin PBXSourcesBuildPhase section */
		15DA11EA202A7B1F0031A90C /* Sources */ = {
			isa = PBXSourcesBuildPhase;
			buildActionMask = 2147483647;
			files = (
				15DA11F4202A7B1F0031A90C /* ViewController.swift in Sources */,
				15DA11F2202A7B1F0031A90C /* AppDelegate.swift in Sources */,
				15DA1208202A7E940031A90C /* DataProvider.swift in Sources */,
				15DA1205202A7BCC0031A90C /* IndividualCardModel.swift in Sources */,
			);
			runOnlyForDeploymentPostprocessing = 0;
		};
/* End PBXSourcesBuildPhase section */

/* Begin PBXVariantGroup section */
		15DA11F5202A7B1F0031A90C /* Main.storyboard */ = {
			isa = PBXVariantGroup;
			children = (
				15DA11F6202A7B1F0031A90C /* Base */,
			);
			name = Main.storyboard;
			sourceTree = "<group>";
		};
		15DA11FA202A7B1F0031A90C /* LaunchScreen.storyboard */ = {
			isa = PBXVariantGroup;
			children = (
				15DA11FB202A7B1F0031A90C /* Base */,
			);
			name = LaunchScreen.storyboard;
			sourceTree = "<group>";
		};
/* End PBXVariantGroup section */

/* Begin XCBuildConfiguration section */
		15DA11FE202A7B1F0031A90C /* Debug */ = {
			isa = XCBuildConfiguration;
			buildSettings = {
				ALWAYS_SEARCH_USER_PATHS = NO;
				CLANG_ANALYZER_NONNULL = YES;
				CLANG_ANALYZER_NUMBER_OBJECT_CONVERSION = YES_AGGRESSIVE;
				CLANG_CXX_LANGUAGE_STANDARD = "gnu++14";
				CLANG_CXX_LIBRARY = "libc++";
				CLANG_ENABLE_MODULES = YES;
				CLANG_ENABLE_OBJC_ARC = YES;
				CLANG_WARN_BLOCK_CAPTURE_AUTORELEASING = YES;
				CLANG_WARN_BOOL_CONVERSION = YES;
				CLANG_WARN_COMMA = YES;
				CLANG_WARN_CONSTANT_CONVERSION = YES;
				CLANG_WARN_DIRECT_OBJC_ISA_USAGE = YES_ERROR;
				CLANG_WARN_DOCUMENTATION_COMMENTS = YES;
				CLANG_WARN_EMPTY_BODY = YES;
				CLANG_WARN_ENUM_CONVERSION = YES;
				CLANG_WARN_INFINITE_RECURSION = YES;
				CLANG_WARN_INT_CONVERSION = YES;
				CLANG_WARN_NON_LITERAL_NULL_CONVERSION = YES;
				CLANG_WARN_OBJC_LITERAL_CONVERSION = YES;
				CLANG_WARN_OBJC_ROOT_CLASS = YES_ERROR;
				CLANG_WARN_RANGE_LOOP_ANALYSIS = YES;
				CLANG_WARN_STRICT_PROTOTYPES = YES;
				CLANG_WARN_SUSPICIOUS_MOVE = YES;
				CLANG_WARN_UNGUARDED_AVAILABILITY = YES_AGGRESSIVE;
				CLANG_WARN_UNREACHABLE_CODE = YES;
				CLANG_WARN__DUPLICATE_METHOD_MATCH = YES;
				CODE_SIGN_IDENTITY = "iPhone Developer";
				COPY_PHASE_STRIP = NO;
				DEBUG_INFORMATION_FORMAT = dwarf;
				ENABLE_STRICT_OBJC_MSGSEND = YES;
				ENABLE_TESTABILITY = YES;
				GCC_C_LANGUAGE_STANDARD = gnu11;
				GCC_DYNAMIC_NO_PIC = NO;
				GCC_NO_COMMON_BLOCKS = YES;
				GCC_OPTIMIZATION_LEVEL = 0;
				GCC_PREPROCESSOR_DEFINITIONS = (
					"DEBUG=1",
					"$(inherited)",
				);
				GCC_WARN_64_TO_32_BIT_CONVERSION = YES;
				GCC_WARN_ABOUT_RETURN_TYPE = YES_ERROR;
				GCC_WARN_UNDECLARED_SELECTOR = YES;
				GCC_WARN_UNINITIALIZED_AUTOS = YES_AGGRESSIVE;
				GCC_WARN_UNUSED_FUNCTION = YES;
				GCC_WARN_UNUSED_VARIABLE = YES;
				IPHONEOS_DEPLOYMENT_TARGET = 11.0;
				MTL_ENABLE_DEBUG_INFO = YES;
				ONLY_ACTIVE_ARCH = YES;
				SDKROOT = iphoneos;
				SWIFT_ACTIVE_COMPILATION_CONDITIONS = DEBUG;
				SWIFT_OPTIMIZATION_LEVEL = "-Onone";
			};
			name = Debug;
		};
		15DA11FF202A7B1F0031A90C /* Release */ = {
			isa = XCBuildConfiguration;
			buildSettings = {
				ALWAYS_SEARCH_USER_PATHS = NO;
				CLANG_ANALYZER_NONNULL = YES;
				CLANG_ANALYZER_NUMBER_OBJECT_CONVERSION = YES_AGGRESSIVE;
				CLANG_CXX_LANGUAGE_STANDARD = "gnu++14";
				CLANG_CXX_LIBRARY = "libc++";
				CLANG_ENABLE_MODULES = YES;
				CLANG_ENABLE_OBJC_ARC = YES;
				CLANG_WARN_BLOCK_CAPTURE_AUTORELEASING = YES;
				CLANG_WARN_BOOL_CONVERSION = YES;
				CLANG_WARN_COMMA = YES;
				CLANG_WARN_CONSTANT_CONVERSION = YES;
				CLANG_WARN_DIRECT_OBJC_ISA_USAGE = YES_ERROR;
				CLANG_WARN_DOCUMENTATION_COMMENTS = YES;
				CLANG_WARN_EMPTY_BODY = YES;
				CLANG_WARN_ENUM_CONVERSION = YES;
				CLANG_WARN_INFINITE_RECURSION = YES;
				CLANG_WARN_INT_CONVERSION = YES;
				CLANG_WARN_NON_LITERAL_NULL_CONVERSION = YES;
				CLANG_WARN_OBJC_LITERAL_CONVERSION = YES;
				CLANG_WARN_OBJC_ROOT_CLASS = YES_ERROR;
				CLANG_WARN_RANGE_LOOP_ANALYSIS = YES;
				CLANG_WARN_STRICT_PROTOTYPES = YES;
				CLANG_WARN_SUSPICIOUS_MOVE = YES;
				CLANG_WARN_UNGUARDED_AVAILABILITY = YES_AGGRESSIVE;
				CLANG_WARN_UNREACHABLE_CODE = YES;
				CLANG_WARN__DUPLICATE_METHOD_MATCH = YES;
				CODE_SIGN_IDENTITY = "iPhone Developer";
				COPY_PHASE_STRIP = NO;
				DEBUG_INFORMATION_FORMAT = "dwarf-with-dsym";
				ENABLE_NS_ASSERTIONS = NO;
				ENABLE_STRICT_OBJC_MSGSEND = YES;
				GCC_C_LANGUAGE_STANDARD = gnu11;
				GCC_NO_COMMON_BLOCKS = YES;
				GCC_WARN_64_TO_32_BIT_CONVERSION = YES;
				GCC_WARN_ABOUT_RETURN_TYPE = YES_ERROR;
				GCC_WARN_UNDECLARED_SELECTOR = YES;
				GCC_WARN_UNINITIALIZED_AUTOS = YES_AGGRESSIVE;
				GCC_WARN_UNUSED_FUNCTION = YES;
				GCC_WARN_UNUSED_VARIABLE = YES;
				IPHONEOS_DEPLOYMENT_TARGET = 11.0;
				MTL_ENABLE_DEBUG_INFO = NO;
				SDKROOT = iphoneos;
				SWIFT_OPTIMIZATION_LEVEL = "-Owholemodule";
				VALIDATE_PRODUCT = YES;
			};
			name = Release;
		};
		15DA1201202A7B1F0031A90C /* Debug */ = {
			isa = XCBuildConfiguration;
			buildSettings = {
				ASSETCATALOG_COMPILER_APPICON_NAME = AppIcon;
				CODE_SIGN_STYLE = Automatic;
				INFOPLIST_FILE = RolodexApp/Info.plist;
				LD_RUNPATH_SEARCH_PATHS = "$(inherited) @executable_path/Frameworks";
				PRODUCT_BUNDLE_IDENTIFIER = divyabasappa.RolodexApp;
				PRODUCT_NAME = "$(TARGET_NAME)";
				SWIFT_VERSION = 4.0;
				TARGETED_DEVICE_FAMILY = "1,2";
			};
			name = Debug;
		};
		15DA1202202A7B1F0031A90C /* Release */ = {
			isa = XCBuildConfiguration;
			buildSettings = {
				ASSETCATALOG_COMPILER_APPICON_NAME = AppIcon;
				CODE_SIGN_STYLE = Automatic;
				INFOPLIST_FILE = RolodexApp/Info.plist;
				LD_RUNPATH_SEARCH_PATHS = "$(inherited) @executable_path/Frameworks";
				PRODUCT_BUNDLE_IDENTIFIER = divyabasappa.RolodexApp;
				PRODUCT_NAME = "$(TARGET_NAME)";
				SWIFT_VERSION = 4.0;
				TARGETED_DEVICE_FAMILY = "1,2";
			};
			name = Release;
		};
/* End XCBuildConfiguration section */

/* Begin XCConfigurationList section */
		15DA11E9202A7B1F0031A90C /* Build configuration list for PBXProject "RolodexApp" */ = {
			isa = XCConfigurationList;
			buildConfigurations = (
				15DA11FE202A7B1F0031A90C /* Debug */,
				15DA11FF202A7B1F0031A90C /* Release */,
			);
			defaultConfigurationIsVisible = 0;
			defaultConfigurationName = Release;
		};
		15DA1200202A7B1F0031A90C /* Build configuration list for PBXNativeTarget "RolodexApp" */ = {
			isa = XCConfigurationList;
			buildConfigurations = (
				15DA1201202A7B1F0031A90C /* Debug */,
				15DA1202202A7B1F0031A90C /* Release */,
			);
			defaultConfigurationIsVisible = 0;
			defaultConfigurationName = Release;
		};
/* End XCConfigurationList section */
	};
	rootObject = 15DA11E6202A7B1F0031A90C /* Project object */;
}
